
Microsoft Visual Studio Solution File, Format Version 12.00
# Visual Studio Version 16
VisualStudioVersion = 16.0.28803.202
MinimumVisualStudioVersion = 10.0.40219.1
Project("{FAE04EC0-301F-11D3-BF4B-00C04F79EFBC}") = "CurseAche", "CurseAche.csproj", "{3E7D5A17-8374-443B-BBCC-3A0A7D16E9B3}"
EndProject
Global
	GlobalSection(SolutionConfigurationPlatforms) = preSolution
		Debug|Any CPU = Debug|Any CPU
		Release|Any CPU = Release|Any CPU
	EndGlobalSection
	GlobalSection(ProjectConfigurationPlatforms) = postSolution
		{3E7D5A17-8374-443B-BBCC-3A0A7D16E9B3}.Debug|Any CPU.ActiveCfg = Debug|Any CPU
		{3E7D5A17-8374-443B-BBCC-3A0A7D16E9B3}.Debug|Any CPU.Build.0 = Debug|Any CPU
		{3E7D5A17-8374-443B-BBCC-3A0A7D16E9B3}.Release|Any CPU.ActiveCfg = Release|Any CPU
		{3E7D5A17-8374-443B-BBCC-3A0A7D16E9B3}.Release|Any CPU.Build.0 = Release|Any CPU
	EndGlobalSection
	GlobalSection(SolutionProperties) = preSolution
		HideSolutionNode = FALSE
	EndGlobalSection
	GlobalSection(ExtensibilityGlobals) = postSolution
		SolutionGuid = {EFAF7AEC-9835-4D76-B758-CA6162968453}
	EndGlobalSection
EndGlobal
